
Microsoft Visual Studio Solution File, Format Version 12.00
# Visual Studio 15
Project("{FAE04EC0-301F-11D3-BF4B-00C04F79EFBC}") = "Scripts", "Scripts.csproj", "{55EE2B95-3E6E-8340-8FCC-1565159B70F5}"
EndProject
Project("{FAE04EC0-301F-11D3-BF4B-00C04F79EFBC}") = "Tests", "Tests.csproj", "{66D89C79-DB3A-48B5-87B9-966F76812151}"
EndProject
Global
	GlobalSection(SolutionConfigurationPlatforms) = preSolution
		Debug|Any CPU = Debug|Any CPU
		Release|Any CPU = Release|Any CPU
	EndGlobalSection
	GlobalSection(ProjectConfigurationPlatforms) = postSolution
		{55EE2B95-3E6E-8340-8FCC-1565159B70F5}.Debug|Any CPU.ActiveCfg = Debug|Any CPU
		{55EE2B95-3E6E-8340-8FCC-1565159B70F5}.Debug|Any CPU.Build.0 = Debug|Any CPU
		{55EE2B95-3E6E-8340-8FCC-1565159B70F5}.Release|Any CPU.ActiveCfg = Release|Any CPU
		{55EE2B95-3E6E-8340-8FCC-1565159B70F5}.Release|Any CPU.Build.0 = Release|Any CPU
		{66D89C79-DB3A-48B5-87B9-966F76812151}.Debug|Any CPU.ActiveCfg = Debug|Any CPU
		{66D89C79-DB3A-48B5-87B9-966F76812151}.Debug|Any CPU.Build.0 = Debug|Any CPU
		{66D89C79-DB3A-48B5-87B9-966F76812151}.Release|Any CPU.ActiveCfg = Release|Any CPU
		{66D89C79-DB3A-48B5-87B9-966F76812151}.Release|Any CPU.Build.0 = Release|Any CPU
	EndGlobalSection
	GlobalSection(SolutionProperties) = preSolution
		HideSolutionNode = FALSE
	EndGlobalSection
EndGlobal
